
Microsoft Visual Studio Solution File, Format Version 12.00
# Visual Studio Version 16
VisualStudioVersion = 16.0.31019.35
MinimumVisualStudioVersion = 10.0.40219.1
Project("{FAE04EC0-301F-11D3-BF4B-00C04F79EFBC}") = "WebAppGUI", "WebAppGUI\WebAppGUI.csproj", "{9C0A90C1-E5FD-400C-A435-485E94C8F87C}"
EndProject
Project("{2150E333-8FDC-42A3-9474-1A3956D46DE8}") = "Cinta", "Cinta", "{8ACB3DA7-85CA-4F56-B64F-272F9F767AD9}"
ProjectSection(SolutionItems) = preProject
	.gitignore = .gitignore
EndProjectSection
EndProject
Project("{2150E333-8FDC-42A3-9474-1A3956D46DE8}") = "GUI", "GUI", "{B525C0CB-3D05-44CA-B248-128E37FA009C}"
EndProject
Project("{2150E333-8FDC-42A3-9474-1A3956D46DE8}") = "APIGateway", "APIGateway", "{E6F32584-EFA0-4D11-8F6D-BDCF6D72DFF1}"
EndProject
Project("{FAE04EC0-301F-11D3-BF4B-00C04F79EFBC}") = "API.Gateway", "API.Gateway\API.Gateway.csproj", "{69AFA35E-1401-4CD7-9DED-E8E60B1E3425}"
EndProject
Project("{2150E333-8FDC-42A3-9474-1A3956D46DE8}") = "Brazo", "Brazo", "{9B4B0B64-6C8B-41C6-B3CF-064B2F4FD1DD}"
EndProject
Project("{FAE04EC0-301F-11D3-BF4B-00C04F79EFBC}") = "BrazoAPI", "BrazoAPI\BrazoAPI.csproj", "{CE839ACF-B385-4219-AB7D-28F339A3209A}"
EndProject
Project("{2150E333-8FDC-42A3-9474-1A3956D46DE8}") = "Sensores", "Sensores", "{38114B59-4888-4F69-A576-BD4A33D40EDF}"
EndProject
Project("{FAE04EC0-301F-11D3-BF4B-00C04F79EFBC}") = "SensorActivo", "SensorActivo\SensorActivo.csproj", "{39F6582D-29F7-4EBF-B805-A2214CCC9B5F}"
EndProject
Project("{2150E333-8FDC-42A3-9474-1A3956D46DE8}") = "Prensa", "Prensa", "{61A2897C-FCB6-40B5-9C9F-F82957E254C5}"
EndProject
Project("{FAE04EC0-301F-11D3-BF4B-00C04F79EFBC}") = "CintaAPI", "CintaAPI\CintaAPI.csproj", "{19D1964E-0E3E-4D25-8970-206B1EFD23CA}"
EndProject
Project("{FAE04EC0-301F-11D3-BF4B-00C04F79EFBC}") = "PrensaAPI", "PrensaAPI\PrensaAPI.csproj", "{1DCE2683-9946-4122-8078-45187555ECB1}"
EndProject
Project("{FAE04EC0-301F-11D3-BF4B-00C04F79EFBC}") = "SensorPasivo", "SensorPasivo\SensorPasivo.csproj", "{BD6CCE51-18AA-426D-A1F7-316C79276D93}"
EndProject
Project("{FAE04EC0-301F-11D3-BF4B-00C04F79EFBC}") = "PilaDeBultosAPI", "PilaDeBultosAPI\PilaDeBultosAPI.csproj", "{9F31F444-9EBE-4A2F-BCF4-EC3A85295D18}"
EndProject
Global
	GlobalSection(SolutionConfigurationPlatforms) = preSolution
		Debug|Any CPU = Debug|Any CPU
		Release|Any CPU = Release|Any CPU
	EndGlobalSection
	GlobalSection(ProjectConfigurationPlatforms) = postSolution
		{9C0A90C1-E5FD-400C-A435-485E94C8F87C}.Debug|Any CPU.ActiveCfg = Debug|Any CPU
		{9C0A90C1-E5FD-400C-A435-485E94C8F87C}.Debug|Any CPU.Build.0 = Debug|Any CPU
		{9C0A90C1-E5FD-400C-A435-485E94C8F87C}.Release|Any CPU.ActiveCfg = Release|Any CPU
		{9C0A90C1-E5FD-400C-A435-485E94C8F87C}.Release|Any CPU.Build.0 = Release|Any CPU
		{69AFA35E-1401-4CD7-9DED-E8E60B1E3425}.Debug|Any CPU.ActiveCfg = Debug|Any CPU
		{69AFA35E-1401-4CD7-9DED-E8E60B1E3425}.Debug|Any CPU.Build.0 = Debug|Any CPU
		{69AFA35E-1401-4CD7-9DED-E8E60B1E3425}.Release|Any CPU.ActiveCfg = Release|Any CPU
		{69AFA35E-1401-4CD7-9DED-E8E60B1E3425}.Release|Any CPU.Build.0 = Release|Any CPU
		{CE839ACF-B385-4219-AB7D-28F339A3209A}.Debug|Any CPU.ActiveCfg = Debug|Any CPU
		{CE839ACF-B385-4219-AB7D-28F339A3209A}.Debug|Any CPU.Build.0 = Debug|Any CPU
		{CE839ACF-B385-4219-AB7D-28F339A3209A}.Release|Any CPU.ActiveCfg = Release|Any CPU
		{CE839ACF-B385-4219-AB7D-28F339A3209A}.Release|Any CPU.Build.0 = Release|Any CPU
		{39F6582D-29F7-4EBF-B805-A2214CCC9B5F}.Debug|Any CPU.ActiveCfg = Debug|Any CPU
		{39F6582D-29F7-4EBF-B805-A2214CCC9B5F}.Debug|Any CPU.Build.0 = Debug|Any CPU
		{39F6582D-29F7-4EBF-B805-A2214CCC9B5F}.Release|Any CPU.ActiveCfg = Release|Any CPU
		{39F6582D-29F7-4EBF-B805-A2214CCC9B5F}.Release|Any CPU.Build.0 = Release|Any CPU
		{19D1964E-0E3E-4D25-8970-206B1EFD23CA}.Debug|Any CPU.ActiveCfg = Debug|Any CPU
		{19D1964E-0E3E-4D25-8970-206B1EFD23CA}.Debug|Any CPU.Build.0 = Debug|Any CPU
		{19D1964E-0E3E-4D25-8970-206B1EFD23CA}.Release|Any CPU.ActiveCfg = Release|Any CPU
		{19D1964E-0E3E-4D25-8970-206B1EFD23CA}.Release|Any CPU.Build.0 = Release|Any CPU
		{1DCE2683-9946-4122-8078-45187555ECB1}.Debug|Any CPU.ActiveCfg = Debug|Any CPU
		{1DCE2683-9946-4122-8078-45187555ECB1}.Debug|Any CPU.Build.0 = Debug|Any CPU
		{1DCE2683-9946-4122-8078-45187555ECB1}.Release|Any CPU.ActiveCfg = Release|Any CPU
		{1DCE2683-9946-4122-8078-45187555ECB1}.Release|Any CPU.Build.0 = Release|Any CPU
		{BD6CCE51-18AA-426D-A1F7-316C79276D93}.Debug|Any CPU.ActiveCfg = Debug|Any CPU
		{BD6CCE51-18AA-426D-A1F7-316C79276D93}.Debug|Any CPU.Build.0 = Debug|Any CPU
		{BD6CCE51-18AA-426D-A1F7-316C79276D93}.Release|Any CPU.ActiveCfg = Release|Any CPU
		{BD6CCE51-18AA-426D-A1F7-316C79276D93}.Release|Any CPU.Build.0 = Release|Any CPU
		{9F31F444-9EBE-4A2F-BCF4-EC3A85295D18}.Debug|Any CPU.ActiveCfg = Debug|Any CPU
		{9F31F444-9EBE-4A2F-BCF4-EC3A85295D18}.Debug|Any CPU.Build.0 = Debug|Any CPU
		{9F31F444-9EBE-4A2F-BCF4-EC3A85295D18}.Release|Any CPU.ActiveCfg = Release|Any CPU
		{9F31F444-9EBE-4A2F-BCF4-EC3A85295D18}.Release|Any CPU.Build.0 = Release|Any CPU
	EndGlobalSection
	GlobalSection(SolutionProperties) = preSolution
		HideSolutionNode = FALSE
	EndGlobalSection
	GlobalSection(ExtensibilityGlobals) = postSolution
		SolutionGuid = {928F62C1-3C00-4BD8-9646-483CE6173083}
	EndGlobalSection
	GlobalSection(NestedProjects) = preSolution
		{9C0A90C1-E5FD-400C-A435-485E94C8F87C} = {B525C0CB-3D05-44CA-B248-128E37FA009C}
		{69AFA35E-1401-4CD7-9DED-E8E60B1E3425} = {E6F32584-EFA0-4D11-8F6D-BDCF6D72DFF1}
		{CE839ACF-B385-4219-AB7D-28F339A3209A} = {9B4B0B64-6C8B-41C6-B3CF-064B2F4FD1DD}
		{39F6582D-29F7-4EBF-B805-A2214CCC9B5F} = {38114B59-4888-4F69-A576-BD4A33D40EDF}
		{19D1964E-0E3E-4D25-8970-206B1EFD23CA} = {8ACB3DA7-85CA-4F56-B64F-272F9F767AD9}
		{1DCE2683-9946-4122-8078-45187555ECB1} = {61A2897C-FCB6-40B5-9C9F-F82957E254C5}
		{BD6CCE51-18AA-426D-A1F7-316C79276D93} = {38114B59-4888-4F69-A576-BD4A33D40EDF}
		{9F31F444-9EBE-4A2F-BCF4-EC3A85295D18} = {61A2897C-FCB6-40B5-9C9F-F82957E254C5}
	EndGlobalSection
EndGlobal
